{
  "lockfile-version": 0,
  "manifest": {
    "hook": {
      "script": "\tgit submodule update --init\n\n        if [ ! -d venv ]; then\n                echo \"Creating virtual environment\"\n                python -m venv venv\n        fi\n        echo; echo \"Activating virtual environment\"\n        . venv/bin/activate\n\n\n        pip3 -qq install --pre torch torchvision torchaudio --extra-index-url https://download.pytorch.org/whl/nightly/cpu\n\n        pip3 -qq install -r requirements.txt\n\n\techo; echo \"All set, type 'start' to run the interface\"\n\talias start=\"python main.py\"\n"
    },
    "install": {
      "python3": null
    },
    "registry": {
      "defaults": {
        "subtrees": null
      },
      "inputs": {
        "nixpkgs": {
          "from": {
            "owner": "NixOS",
            "ref": "release-23.05",
            "repo": "nixpkgs",
            "type": "github"
          },
          "subtrees": [
            "legacyPackages"
          ]
        }
      },
      "priority": [
        "nixpkgs"
      ]
    }
  },
  "packages": {
    "aarch64-darwin": {
      "python3": {
        "attr-path": [
          "legacyPackages",
          "aarch64-darwin",
          "python3"
        ],
        "info": {
          "broken": false,
          "description": "A high-level dynamically-typed programming language",
          "license": "Python-2.0",
          "pname": "python3",
          "unfree": false,
          "version": "3.10.13"
        },
        "input": {
          "attrs": {
            "lastModified": 1704290814,
            "narHash": "sha256-LWvKHp7kGxk/GEtlrGYV68qIvPHkU9iToomNFGagixU=",
            "owner": "NixOS",
            "repo": "nixpkgs",
            "rev": "70bdadeb94ffc8806c0570eb5c2695ad29f0e421",
            "type": "github"
          },
          "fingerprint": "f8b88e702b05837db1eb7fc34b377c01d6bf8a0fbda4c8178d7db6cd45bad6ef",
          "url": "github:NixOS/nixpkgs/70bdadeb94ffc8806c0570eb5c2695ad29f0e421"
        },
        "priority": 5
      }
    }
  },
  "registry": {
    "defaults": {
      "subtrees": null
    },
    "inputs": {
      "nixpkgs": {
        "from": {
          "lastModified": 1704290814,
          "narHash": "sha256-LWvKHp7kGxk/GEtlrGYV68qIvPHkU9iToomNFGagixU=",
          "owner": "NixOS",
          "repo": "nixpkgs",
          "rev": "70bdadeb94ffc8806c0570eb5c2695ad29f0e421",
          "type": "github"
        },
        "subtrees": [
          "legacyPackages"
        ]
      }
    },
    "priority": [
      "nixpkgs"
    ]
  }
}